// !$*UTF8*$!
{
	archiveVersion = 1;
	classes = {
	};
	objectVersion = 46;
	objects = {

/* Begin PBXBuildFile section */
		D9A870EC1E8D885D0045783C /* AppDelegate.swift in Sources */ = {isa = PBXBuildFile; fileRef = D9A870EB1E8D885D0045783C /* AppDelegate.swift */; };
		D9A870EE1E8D885D0045783C /* ViewController.swift in Sources */ = {isa = PBXBuildFile; fileRef = D9A870ED1E8D885D0045783C /* ViewController.swift */; };
		D9A870F11E8D885D0045783C /* Main.storyboard in Resources */ = {isa = PBXBuildFile; fileRef = D9A870EF1E8D885D0045783C /* Main.storyboard */; };
		D9A870F31E8D885D0045783C /* Assets.xcassets in Resources */ = {isa = PBXBuildFile; fileRef = D9A870F21E8D885D0045783C /* Assets.xcassets */; };
		D9A870F61E8D885D0045783C /* LaunchScreen.storyboard in Resources */ = {isa = PBXBuildFile; fileRef = D9A870F41E8D885D0045783C /* LaunchScreen.storyboard */; };
		D9A871011E8D885D0045783C /* ommAlpha_1Tests.swift in Sources */ = {isa = PBXBuildFile; fileRef = D9A871001E8D885D0045783C /* ommAlpha_1Tests.swift */; };
		D9A8710C1E8D885D0045783C /* ommAlpha_1UITests.swift in Sources */ = {isa = PBXBuildFile; fileRef = D9A8710B1E8D885D0045783C /* ommAlpha_1UITests.swift */; };
/* End PBXBuildFile section */

/* Begin PBXContainerItemProxy section */
		D9A870FD1E8D885D0045783C /* PBXContainerItemProxy */ = {
			isa = PBXContainerItemProxy;
			containerPortal = D9A870E01E8D885D0045783C /* Project object */;
			proxyType = 1;
			remoteGlobalIDString = D9A870E71E8D885D0045783C;
			remoteInfo = ommAlpha_1;
		};
		D9A871081E8D885D0045783C /* PBXContainerItemProxy */ = {
			isa = PBXContainerItemProxy;
			containerPortal = D9A870E01E8D885D0045783C /* Project object */;
			proxyType = 1;
			remoteGlobalIDString = D9A870E71E8D885D0045783C;
			remoteInfo = ommAlpha_1;
		};
/* End PBXContainerItemProxy section */

/* Begin PBXFileReference section */
		D9A870E81E8D885D0045783C /* ommAlpha_1.app */ = {isa = PBXFileReference; explicitFileType = wrapper.application; includeInIndex = 0; path = ommAlpha_1.app; sourceTree = BUILT_PRODUCTS_DIR; };
		D9A870EB1E8D885D0045783C /* AppDelegate.swift */ = {isa = PBXFileReference; lastKnownFileType = sourcecode.swift; path = AppDelegate.swift; sourceTree = "<group>"; };
		D9A870ED1E8D885D0045783C /* ViewController.swift */ = {isa = PBXFileReference; lastKnownFileType = sourcecode.swift; path = ViewController.swift; sourceTree = "<group>"; };
		D9A870F01E8D885D0045783C /* Base */ = {isa = PBXFileReference; lastKnownFileType = file.storyboard; name = Base; path = Base.lproj/Main.storyboard; sourceTree = "<group>"; };
		D9A870F21E8D885D0045783C /* Assets.xcassets */ = {isa = PBXFileReference; lastKnownFileType = folder.assetcatalog; path = Assets.xcassets; sourceTree = "<group>"; };
		D9A870F51E8D885D0045783C /* Base */ = {isa = PBXFileReference; lastKnownFileType = file.storyboard; name = Base; path = Base.lproj/LaunchScreen.storyboard; sourceTree = "<group>"; };
		D9A870F71E8D885D0045783C /* Info.plist */ = {isa = PBXFileReference; lastKnownFileType = text.plist.xml; path = Info.plist; sourceTree = "<group>"; };
		D9A870FC1E8D885D0045783C /* ommAlpha_1Tests.xctest */ = {isa = PBXFileReference; explicitFileType = wrapper.cfbundle; includeInIndex = 0; path = ommAlpha_1Tests.xctest; sourceTree = BUILT_PRODUCTS_DIR; };
		D9A871001E8D885D0045783C /* ommAlpha_1Tests.swift */ = {isa = PBXFileReference; lastKnownFileType = sourcecode.swift; path = ommAlpha_1Tests.swift; sourceTree = "<group>"; };
		D9A871021E8D885D0045783C /* Info.plist */ = {isa = PBXFileReference; lastKnownFileType = text.plist.xml; path = Info.plist; sourceTree = "<group>"; };
		D9A871071E8D885D0045783C /* ommAlpha_1UITests.xctest */ = {isa = PBXFileReference; explicitFileType = wrapper.cfbundle; includeInIndex = 0; path = ommAlpha_1UITests.xctest; sourceTree = BUILT_PRODUCTS_DIR; };
		D9A8710B1E8D885D0045783C /* ommAlpha_1UITests.swift */ = {isa = PBXFileReference; lastKnownFileType = sourcecode.swift; path = ommAlpha_1UITests.swift; sourceTree = "<group>"; };
		D9A8710D1E8D885D0045783C /* Info.plist */ = {isa = PBXFileReference; lastKnownFileType = text.plist.xml; path = Info.plist; sourceTree = "<group>"; };
/* End PBXFileReference section */

/* Begin PBXFrameworksBuildPhase section */
		D9A870E51E8D885D0045783C /* Frameworks */ = {
			isa = PBXFrameworksBuildPhase;
			buildActionMask = 2147483647;
			files = (
			);
			runOnlyForDeploymentPostprocessing = 0;
		};
		D9A870F91E8D885D0045783C /* Frameworks */ = {
			isa = PBXFrameworksBuildPhase;
			buildActionMask = 2147483647;
			files = (
			);
			runOnlyForDeploymentPostprocessing = 0;
		};
		D9A871041E8D885D0045783C /* Frameworks */ = {
			isa = PBXFrameworksBuildPhase;
			buildActionMask = 2147483647;
			files = (
			);
			runOnlyForDeploymentPostprocessing = 0;
		};
/* End PBXFrameworksBuildPhase section */

/* Begin PBXGroup section */
		D9A870DF1E8D885D0045783C = {
			isa = PBXGroup;
			children = (
				D9A870EA1E8D885D0045783C /* ommAlpha_1 */,
				D9A870FF1E8D885D0045783C /* ommAlpha_1Tests */,
				D9A8710A1E8D885D0045783C /* ommAlpha_1UITests */,
				D9A870E91E8D885D0045783C /* Products */,
			);
			sourceTree = "<group>";
		};
		D9A870E91E8D885D0045783C /* Products */ = {
			isa = PBXGroup;
			children = (
				D9A870E81E8D885D0045783C /* ommAlpha_1.app */,
				D9A870FC1E8D885D0045783C /* ommAlpha_1Tests.xctest */,
				D9A871071E8D885D0045783C /* ommAlpha_1UITests.xctest */,
			);
			name = Products;
			sourceTree = "<group>";
		};
		D9A870EA1E8D885D0045783C /* ommAlpha_1 */ = {
			isa = PBXGroup;
			children = (
				D9A870EB1E8D885D0045783C /* AppDelegate.swift */,
				D9A870ED1E8D885D0045783C /* ViewController.swift */,
				D9A870EF1E8D885D0045783C /* Main.storyboard */,
				D9A870F21E8D885D0045783C /* Assets.xcassets */,
				D9A870F41E8D885D0045783C /* LaunchScreen.storyboard */,
				D9A870F71E8D885D0045783C /* Info.plist */,
			);
			path = ommAlpha_1;
			sourceTree = "<group>";
		};
		D9A870FF1E8D885D0045783C /* ommAlpha_1Tests */ = {
			isa = PBXGroup;
			children = (
				D9A871001E8D885D0045783C /* ommAlpha_1Tests.swift */,
				D9A871021E8D885D0045783C /* Info.plist */,
			);
			path = ommAlpha_1Tests;
			sourceTree = "<group>";
		};
		D9A8710A1E8D885D0045783C /* ommAlpha_1UITests */ = {
			isa = PBXGroup;
			children = (
				D9A8710B1E8D885D0045783C /* ommAlpha_1UITests.swift */,
				D9A8710D1E8D885D0045783C /* Info.plist */,
			);
			path = ommAlpha_1UITests;
			sourceTree = "<group>";
		};
/* End PBXGroup section */

/* Begin PBXNativeTarget section */
		D9A870E71E8D885D0045783C /* ommAlpha_1 */ = {
			isa = PBXNativeTarget;
			buildConfigurationList = D9A871101E8D885D0045783C /* Build configuration list for PBXNativeTarget "ommAlpha_1" */;
			buildPhases = (
				D9A870E41E8D885D0045783C /* Sources */,
				D9A870E51E8D885D0045783C /* Frameworks */,
				D9A870E61E8D885D0045783C /* Resources */,
			);
			buildRules = (
			);
			dependencies = (
			);
			name = ommAlpha_1;
			productName = ommAlpha_1;
			productReference = D9A870E81E8D885D0045783C /* ommAlpha_1.app */;
			productType = "com.apple.product-type.application";
		};
		D9A870FB1E8D885D0045783C /* ommAlpha_1Tests */ = {
			isa = PBXNativeTarget;
			buildConfigurationList = D9A871131E8D885D0045783C /* Build configuration list for PBXNativeTarget "ommAlpha_1Tests" */;
			buildPhases = (
				D9A870F81E8D885D0045783C /* Sources */,
				D9A870F91E8D885D0045783C /* Frameworks */,
				D9A870FA1E8D885D0045783C /* Resources */,
			);
			buildRules = (
			);
			dependencies = (
				D9A870FE1E8D885D0045783C /* PBXTargetDependency */,
			);
			name = ommAlpha_1Tests;
			productName = ommAlpha_1Tests;
			productReference = D9A870FC1E8D885D0045783C /* ommAlpha_1Tests.xctest */;
			productType = "com.apple.product-type.bundle.unit-test";
		};
		D9A871061E8D885D0045783C /* ommAlpha_1UITests */ = {
			isa = PBXNativeTarget;
			buildConfigurationList = D9A871161E8D885D0045783C /* Build configuration list for PBXNativeTarget "ommAlpha_1UITests" */;
			buildPhases = (
				D9A871031E8D885D0045783C /* Sources */,
				D9A871041E8D885D0045783C /* Frameworks */,
				D9A871051E8D885D0045783C /* Resources */,
			);
			buildRules = (
			);
			dependencies = (
				D9A871091E8D885D0045783C /* PBXTargetDependency */,
			);
			name = ommAlpha_1UITests;
			productName = ommAlpha_1UITests;
			productReference = D9A871071E8D885D0045783C /* ommAlpha_1UITests.xctest */;
			productType = "com.apple.product-type.bundle.ui-testing";
		};
/* End PBXNativeTarget section */

/* Begin PBXProject section */
		D9A870E01E8D885D0045783C /* Project object */ = {
			isa = PBXProject;
			attributes = {
				LastSwiftUpdateCheck = 0820;
				LastUpgradeCheck = 0820;
				ORGANIZATIONNAME = "Austin Rutledge";
				TargetAttributes = {
					D9A870E71E8D885D0045783C = {
						CreatedOnToolsVersion = 8.2.1;
						ProvisioningStyle = Automatic;
					};
					D9A870FB1E8D885D0045783C = {
						CreatedOnToolsVersion = 8.2.1;
						ProvisioningStyle = Automatic;
						TestTargetID = D9A870E71E8D885D0045783C;
					};
					D9A871061E8D885D0045783C = {
						CreatedOnToolsVersion = 8.2.1;
						ProvisioningStyle = Automatic;
						TestTargetID = D9A870E71E8D885D0045783C;
					};
				};
			};
			buildConfigurationList = D9A870E31E8D885D0045783C /* Build configuration list for PBXProject "ommAlpha_1" */;
			compatibilityVersion = "Xcode 3.2";
			developmentRegion = English;
			hasScannedForEncodings = 0;
			knownRegions = (
				en,
				Base,
			);
			mainGroup = D9A870DF1E8D885D0045783C;
			productRefGroup = D9A870E91E8D885D0045783C /* Products */;
			projectDirPath = "";
			projectRoot = "";
			targets = (
				D9A870E71E8D885D0045783C /* ommAlpha_1 */,
				D9A870FB1E8D885D0045783C /* ommAlpha_1Tests */,
				D9A871061E8D885D0045783C /* ommAlpha_1UITests */,
			);
		};
/* End PBXProject section */

/* Begin PBXResourcesBuildPhase section */
		D9A870E61E8D885D0045783C /* Resources */ = {
			isa = PBXResourcesBuildPhase;
			buildActionMask = 2147483647;
			files = (
				D9A870F61E8D885D0045783C /* LaunchScreen.storyboard in Resources */,
				D9A870F31E8D885D0045783C /* Assets.xcassets in Resources */,
				D9A870F11E8D885D0045783C /* Main.storyboard in Resources */,
			);
			runOnlyForDeploymentPostprocessing = 0;
		};
		D9A870FA1E8D885D0045783C /* Resources */ = {
			isa = PBXResourcesBuildPhase;
			buildActionMask = 2147483647;
			files = (
			);
			runOnlyForDeploymentPostprocessing = 0;
		};
		D9A871051E8D885D0045783C /* Resources */ = {
			isa = PBXResourcesBuildPhase;
			buildActionMask = 2147483647;
			files = (
			);
			runOnlyForDeploymentPostprocessing = 0;
		};
/* End PBXResourcesBuildPhase section */

/* Begin PBXSourcesBuildPhase section */
		D9A870E41E8D885D0045783C /* Sources */ = {
			isa = PBXSourcesBuildPhase;
			buildActionMask = 2147483647;
			files = (
				D9A870EE1E8D885D0045783C /* ViewController.swift in Sources */,
				D9A870EC1E8D885D0045783C /* AppDelegate.swift in Sources */,
			);
			runOnlyForDeploymentPostprocessing = 0;
		};
		D9A870F81E8D885D0045783C /* Sources */ = {
			isa = PBXSourcesBuildPhase;
			buildActionMask = 2147483647;
			files = (
				D9A871011E8D885D0045783C /* ommAlpha_1Tests.swift in Sources */,
			);
			runOnlyForDeploymentPostprocessing = 0;
		};
		D9A871031E8D885D0045783C /* Sources */ = {
			isa = PBXSourcesBuildPhase;
			buildActionMask = 2147483647;
			files = (
				D9A8710C1E8D885D0045783C /* ommAlpha_1UITests.swift in Sources */,
			);
			runOnlyForDeploymentPostprocessing = 0;
		};
/* End PBXSourcesBuildPhase section */

/* Begin PBXTargetDependency section */
		D9A870FE1E8D885D0045783C /* PBXTargetDependency */ = {
			isa = PBXTargetDependency;
			target = D9A870E71E8D885D0045783C /* ommAlpha_1 */;
			targetProxy = D9A870FD1E8D885D0045783C /* PBXContainerItemProxy */;
		};
		D9A871091E8D885D0045783C /* PBXTargetDependency */ = {
			isa = PBXTargetDependency;
			target = D9A870E71E8D885D0045783C /* ommAlpha_1 */;
			targetProxy = D9A871081E8D885D0045783C /* PBXContainerItemProxy */;
		};
/* End PBXTargetDependency section */

/* Begin PBXVariantGroup section */
		D9A870EF1E8D885D0045783C /* Main.storyboard */ = {
			isa = PBXVariantGroup;
			children = (
				D9A870F01E8D885D0045783C /* Base */,
			);
			name = Main.storyboard;
			sourceTree = "<group>";
		};
		D9A870F41E8D885D0045783C /* LaunchScreen.storyboard */ = {
			isa = PBXVariantGroup;
			children = (
				D9A870F51E8D885D0045783C /* Base */,
			);
			name = LaunchScreen.storyboard;
			sourceTree = "<group>";
		};
/* End PBXVariantGroup section */

/* Begin XCBuildConfiguration section */
		D9A8710E1E8D885D0045783C /* Debug */ = {
			isa = XCBuildConfiguration;
			buildSettings = {
				ALWAYS_SEARCH_USER_PATHS = NO;
				CLANG_ANALYZER_NONNULL = YES;
				CLANG_CXX_LANGUAGE_STANDARD = "gnu++0x";
				CLANG_CXX_LIBRARY = "libc++";
				CLANG_ENABLE_MODULES = YES;
				CLANG_ENABLE_OBJC_ARC = YES;
				CLANG_WARN_BOOL_CONVERSION = YES;
				CLANG_WARN_CONSTANT_CONVERSION = YES;
				CLANG_WARN_DIRECT_OBJC_ISA_USAGE = YES_ERROR;
				CLANG_WARN_DOCUMENTATION_COMMENTS = YES;
				CLANG_WARN_EMPTY_BODY = YES;
				CLANG_WARN_ENUM_CONVERSION = YES;
				CLANG_WARN_INFINITE_RECURSION = YES;
				CLANG_WARN_INT_CONVERSION = YES;
				CLANG_WARN_OBJC_ROOT_CLASS = YES_ERROR;
				CLANG_WARN_SUSPICIOUS_MOVE = YES;
				CLANG_WARN_UNREACHABLE_CODE = YES;
				CLANG_WARN__DUPLICATE_METHOD_MATCH = YES;
				"CODE_SIGN_IDENTITY[sdk=iphoneos*]" = "iPhone Developer";
				COPY_PHASE_STRIP = NO;
				DEBUG_INFORMATION_FORMAT = dwarf;
				ENABLE_STRICT_OBJC_MSGSEND = YES;
				ENABLE_TESTABILITY = YES;
				GCC_C_LANGUAGE_STANDARD = gnu99;
				GCC_DYNAMIC_NO_PIC = NO;
				GCC_NO_COMMON_BLOCKS = YES;
				GCC_OPTIMIZATION_LEVEL = 0;
				GCC_PREPROCESSOR_DEFINITIONS = (
					"DEBUG=1",
					"$(inherited)",
				);
				GCC_WARN_64_TO_32_BIT_CONVERSION = YES;
				GCC_WARN_ABOUT_RETURN_TYPE = YES_ERROR;
				GCC_WARN_UNDECLARED_SELECTOR = YES;
				GCC_WARN_UNINITIALIZED_AUTOS = YES_AGGRESSIVE;
				GCC_WARN_UNUSED_FUNCTION = YES;
				GCC_WARN_UNUSED_VARIABLE = YES;
				IPHONEOS_DEPLOYMENT_TARGET = 10.2;
				MTL_ENABLE_DEBUG_INFO = YES;
				ONLY_ACTIVE_ARCH = YES;
				SDKROOT = iphoneos;
				SWIFT_ACTIVE_COMPILATION_CONDITIONS = DEBUG;
				SWIFT_OPTIMIZATION_LEVEL = "-Onone";
				TARGETED_DEVICE_FAMILY = "1,2";
			};
			name = Debug;
		};
		D9A8710F1E8D885D0045783C /* Release */ = {
			isa = XCBuildConfiguration;
			buildSettings = {
				ALWAYS_SEARCH_USER_PATHS = NO;
				CLANG_ANALYZER_NONNULL = YES;
				CLANG_CXX_LANGUAGE_STANDARD = "gnu++0x";
				CLANG_CXX_LIBRARY = "libc++";
				CLANG_ENABLE_MODULES = YES;
				CLANG_ENABLE_OBJC_ARC = YES;
				CLANG_WARN_BOOL_CONVERSION = YES;
				CLANG_WARN_CONSTANT_CONVERSION = YES;
				CLANG_WARN_DIRECT_OBJC_ISA_USAGE = YES_ERROR;
				CLANG_WARN_DOCUMENTATION_COMMENTS = YES;
				CLANG_WARN_EMPTY_BODY = YES;
				CLANG_WARN_ENUM_CONVERSION = YES;
				CLANG_WARN_INFINITE_RECURSION = YES;
				CLANG_WARN_INT_CONVERSION = YES;
				CLANG_WARN_OBJC_ROOT_CLASS = YES_ERROR;
				CLANG_WARN_SUSPICIOUS_MOVE = YES;
				CLANG_WARN_UNREACHABLE_CODE = YES;
				CLANG_WARN__DUPLICATE_METHOD_MATCH = YES;
				"CODE_SIGN_IDENTITY[sdk=iphoneos*]" = "iPhone Developer";
				COPY_PHASE_STRIP = NO;
				DEBUG_INFORMATION_FORMAT = "dwarf-with-dsym";
				ENABLE_NS_ASSERTIONS = NO;
				ENABLE_STRICT_OBJC_MSGSEND = YES;
				GCC_C_LANGUAGE_STANDARD = gnu99;
				GCC_NO_COMMON_BLOCKS = YES;
				GCC_WARN_64_TO_32_BIT_CONVERSION = YES;
				GCC_WARN_ABOUT_RETURN_TYPE = YES_ERROR;
				GCC_WARN_UNDECLARED_SELECTOR = YES;
				GCC_WARN_UNINITIALIZED_AUTOS = YES_AGGRESSIVE;
				GCC_WARN_UNUSED_FUNCTION = YES;
				GCC_WARN_UNUSED_VARIABLE = YES;
				IPHONEOS_DEPLOYMENT_TARGET = 10.2;
				MTL_ENABLE_DEBUG_INFO = NO;
				SDKROOT = iphoneos;
				SWIFT_OPTIMIZATION_LEVEL = "-Owholemodule";
				TARGETED_DEVICE_FAMILY = "1,2";
				VALIDATE_PRODUCT = YES;
			};
			name = Release;
		};
		D9A871111E8D885D0045783C /* Debug */ = {
			isa = XCBuildConfiguration;
			buildSettings = {
				ASSETCATALOG_COMPILER_APPICON_NAME = AppIcon;
				INFOPLIST_FILE = ommAlpha_1/Info.plist;
				LD_RUNPATH_SEARCH_PATHS = "$(inherited) @executable_path/Frameworks";
				PRODUCT_BUNDLE_IDENTIFIER = "com.austinrutledge.ommAlpha-1";
				PRODUCT_NAME = "$(TARGET_NAME)";
				SWIFT_VERSION = 3.0;
			};
			name = Debug;
		};
		D9A871121E8D885D0045783C /* Release */ = {
			isa = XCBuildConfiguration;
			buildSettings = {
				ASSETCATALOG_COMPILER_APPICON_NAME = AppIcon;
				INFOPLIST_FILE = ommAlpha_1/Info.plist;
				LD_RUNPATH_SEARCH_PATHS = "$(inherited) @executable_path/Frameworks";
				PRODUCT_BUNDLE_IDENTIFIER = "com.austinrutledge.ommAlpha-1";
				PRODUCT_NAME = "$(TARGET_NAME)";
				SWIFT_VERSION = 3.0;
			};
			name = Release;
		};
		D9A871141E8D885D0045783C /* Debug */ = {
			isa = XCBuildConfiguration;
			buildSettings = {
				ALWAYS_EMBED_SWIFT_STANDARD_LIBRARIES = YES;
				BUNDLE_LOADER = "$(TEST_HOST)";
				INFOPLIST_FILE = ommAlpha_1Tests/Info.plist;
				LD_RUNPATH_SEARCH_PATHS = "$(inherited) @executable_path/Frameworks @loader_path/Frameworks";
				PRODUCT_BUNDLE_IDENTIFIER = "com.austinrutledge.ommAlpha-1Tests";
				PRODUCT_NAME = "$(TARGET_NAME)";
				SWIFT_VERSION = 3.0;
				TEST_HOST = "$(BUILT_PRODUCTS_DIR)/ommAlpha_1.app/ommAlpha_1";
			};
			name = Debug;
		};
		D9A871151E8D885D0045783C /* Release */ = {
			isa = XCBuildConfiguration;
			buildSettings = {
				ALWAYS_EMBED_SWIFT_STANDARD_LIBRARIES = YES;
				BUNDLE_LOADER = "$(TEST_HOST)";
				INFOPLIST_FILE = ommAlpha_1Tests/Info.plist;
				LD_RUNPATH_SEARCH_PATHS = "$(inherited) @executable_path/Frameworks @loader_path/Frameworks";
				PRODUCT_BUNDLE_IDENTIFIER = "com.austinrutledge.ommAlpha-1Tests";
				PRODUCT_NAME = "$(TARGET_NAME)";
				SWIFT_VERSION = 3.0;
				TEST_HOST = "$(BUILT_PRODUCTS_DIR)/ommAlpha_1.app/ommAlpha_1";
			};
			name = Release;
		};
		D9A871171E8D885D0045783C /* Debug */ = {
			isa = XCBuildConfiguration;
			buildSettings = {
				ALWAYS_EMBED_SWIFT_STANDARD_LIBRARIES = YES;
				INFOPLIST_FILE = ommAlpha_1UITests/Info.plist;
				LD_RUNPATH_SEARCH_PATHS = "$(inherited) @executable_path/Frameworks @loader_path/Frameworks";
				PRODUCT_BUNDLE_IDENTIFIER = "com.austinrutledge.ommAlpha-1UITests";
				PRODUCT_NAME = "$(TARGET_NAME)";
				SWIFT_VERSION = 3.0;
				TEST_TARGET_NAME = ommAlpha_1;
			};
			name = Debug;
		};
		D9A871181E8D885D0045783C /* Release */ = {
			isa = XCBuildConfiguration;
			buildSettings = {
				ALWAYS_EMBED_SWIFT_STANDARD_LIBRARIES = YES;
				INFOPLIST_FILE = ommAlpha_1UITests/Info.plist;
				LD_RUNPATH_SEARCH_PATHS = "$(inherited) @executable_path/Frameworks @loader_path/Frameworks";
				PRODUCT_BUNDLE_IDENTIFIER = "com.austinrutledge.ommAlpha-1UITests";
				PRODUCT_NAME = "$(TARGET_NAME)";
				SWIFT_VERSION = 3.0;
				TEST_TARGET_NAME = ommAlpha_1;
			};
			name = Release;
		};
/* End XCBuildConfiguration section */

/* Begin XCConfigurationList section */
		D9A870E31E8D885D0045783C /* Build configuration list for PBXProject "ommAlpha_1" */ = {
			isa = XCConfigurationList;
			buildConfigurations = (
				D9A8710E1E8D885D0045783C /* Debug */,
				D9A8710F1E8D885D0045783C /* Release */,
			);
			defaultConfigurationIsVisible = 0;
			defaultConfigurationName = Release;
		};
		D9A871101E8D885D0045783C /* Build configuration list for PBXNativeTarget "ommAlpha_1" */ = {
			isa = XCConfigurationList;
			buildConfigurations = (
				D9A871111E8D885D0045783C /* Debug */,
				D9A871121E8D885D0045783C /* Release */,
			);
			defaultConfigurationIsVisible = 0;
		};
		D9A871131E8D885D0045783C /* Build configuration list for PBXNativeTarget "ommAlpha_1Tests" */ = {
			isa = XCConfigurationList;
			buildConfigurations = (
				D9A871141E8D885D0045783C /* Debug */,
				D9A871151E8D885D0045783C /* Release */,
			);
			defaultConfigurationIsVisible = 0;
		};
		D9A871161E8D885D0045783C /* Build configuration list for PBXNativeTarget "ommAlpha_1UITests" */ = {
			isa = XCConfigurationList;
			buildConfigurations = (
				D9A871171E8D885D0045783C /* Debug */,
				D9A871181E8D885D0045783C /* Release */,
			);
			defaultConfigurationIsVisible = 0;
		};
/* End XCConfigurationList section */
	};
	rootObject = D9A870E01E8D885D0045783C /* Project object */;
}
